
Microsoft Visual Studio Solution File, Format Version 12.00
# Visual Studio 2013
VisualStudioVersion = 12.0.31101.0
MinimumVisualStudioVersion = 10.0.40219.1
Project("{FAE04EC0-301F-11D3-BF4B-00C04F79EFBC}") = "GnatMQ.Net", "GnatMQ\GnatMQ.Net.csproj", "{4EBFA6E5-0636-496C-8C46-991B05DF7491}"
EndProject
Project("{FAE04EC0-301F-11D3-BF4B-00C04F79EFBC}") = "GnatMQServer", "GnatMQServer\GnatMQServer.csproj", "{5686C13D-3429-42AF-B4EE-34BAA6A9DB7D}"
EndProject
Project("{FAE04EC0-301F-11D3-BF4B-00C04F79EFBC}") = "GnatMQ.WinRT", "GnatMQ\GnatMQ.WinRT.csproj", "{780CC311-C604-4784-AA0C-EFBB9DA10CFB}"
EndProject
Project("{2150E333-8FDC-42A3-9474-1A3956D46DE8}") = "GnatMQServerWinRT", "GnatMQServerWinRT", "{5FC5CA7C-E9E5-4745-9468-C0F8C008C7EB}"
EndProject
Project("{D954291E-2A0B-460D-934E-DC6B0785DB48}") = "GnatMQServerWinRT.Shared", "GnatMQServerWinRT\GnatMQServerWinRT.Shared\GnatMQServerWinRT.Shared.shproj", "{54CC644E-9557-4D11-9630-EB20406E9B1E}"
EndProject
Project("{FAE04EC0-301F-11D3-BF4B-00C04F79EFBC}") = "GnatMQServerWinRT.Windows", "GnatMQServerWinRT\GnatMQServerWinRT.Windows\GnatMQServerWinRT.Windows.csproj", "{BEF58B3A-FED0-44AC-94EF-AFA622F8BCF3}"
EndProject
Project("{FAE04EC0-301F-11D3-BF4B-00C04F79EFBC}") = "GnatMQServerWinRT.WindowsPhone", "GnatMQServerWinRT\GnatMQServerWinRT.WindowsPhone\GnatMQServerWinRT.WindowsPhone.csproj", "{B0AB9F41-08AD-4F25-8507-A2AF603E69FE}"
EndProject
Project("{FAE04EC0-301F-11D3-BF4B-00C04F79EFBC}") = "GnatMQ.NetCf39", "GnatMQ\GnatMQ.NetCf39.csproj", "{CA48F760-2BE0-4B4C-90B8-13823BD5D22B}"
EndProject
Global
	GlobalSection(SharedMSBuildProjectFiles) = preSolution
		GnatMQServerWinRT\GnatMQServerWinRT.Shared\GnatMQServerWinRT.Shared.projitems*{bef58b3a-fed0-44ac-94ef-afa622f8bcf3}*SharedItemsImports = 4
		GnatMQServerWinRT\GnatMQServerWinRT.Shared\GnatMQServerWinRT.Shared.projitems*{b0ab9f41-08ad-4f25-8507-a2af603e69fe}*SharedItemsImports = 4
		GnatMQServerWinRT\GnatMQServerWinRT.Shared\GnatMQServerWinRT.Shared.projitems*{54cc644e-9557-4d11-9630-eb20406e9b1e}*SharedItemsImports = 13
	EndGlobalSection
	GlobalSection(SolutionConfigurationPlatforms) = preSolution
		Debug|Any CPU = Debug|Any CPU
		Debug|ARM = Debug|ARM
		Debug|x64 = Debug|x64
		Debug|x86 = Debug|x86
		Release|Any CPU = Release|Any CPU
		Release|ARM = Release|ARM
		Release|x64 = Release|x64
		Release|x86 = Release|x86
	EndGlobalSection
	GlobalSection(ProjectConfigurationPlatforms) = postSolution
		{4EBFA6E5-0636-496C-8C46-991B05DF7491}.Debug|Any CPU.ActiveCfg = Debug|Any CPU
		{4EBFA6E5-0636-496C-8C46-991B05DF7491}.Debug|Any CPU.Build.0 = Debug|Any CPU
		{4EBFA6E5-0636-496C-8C46-991B05DF7491}.Debug|ARM.ActiveCfg = Debug|Any CPU
		{4EBFA6E5-0636-496C-8C46-991B05DF7491}.Debug|x64.ActiveCfg = Debug|Any CPU
		{4EBFA6E5-0636-496C-8C46-991B05DF7491}.Debug|x86.ActiveCfg = Debug|Any CPU
		{4EBFA6E5-0636-496C-8C46-991B05DF7491}.Release|Any CPU.ActiveCfg = Release|Any CPU
		{4EBFA6E5-0636-496C-8C46-991B05DF7491}.Release|Any CPU.Build.0 = Release|Any CPU
		{4EBFA6E5-0636-496C-8C46-991B05DF7491}.Release|ARM.ActiveCfg = Release|Any CPU
		{4EBFA6E5-0636-496C-8C46-991B05DF7491}.Release|x64.ActiveCfg = Release|Any CPU
		{4EBFA6E5-0636-496C-8C46-991B05DF7491}.Release|x86.ActiveCfg = Release|Any CPU
		{5686C13D-3429-42AF-B4EE-34BAA6A9DB7D}.Debug|Any CPU.ActiveCfg = Debug|Any CPU
		{5686C13D-3429-42AF-B4EE-34BAA6A9DB7D}.Debug|Any CPU.Build.0 = Debug|Any CPU
		{5686C13D-3429-42AF-B4EE-34BAA6A9DB7D}.Debug|ARM.ActiveCfg = Debug|Any CPU
		{5686C13D-3429-42AF-B4EE-34BAA6A9DB7D}.Debug|x64.ActiveCfg = Debug|Any CPU
		{5686C13D-3429-42AF-B4EE-34BAA6A9DB7D}.Debug|x86.ActiveCfg = Debug|Any CPU
		{5686C13D-3429-42AF-B4EE-34BAA6A9DB7D}.Release|Any CPU.ActiveCfg = Release|Any CPU
		{5686C13D-3429-42AF-B4EE-34BAA6A9DB7D}.Release|Any CPU.Build.0 = Release|Any CPU
		{5686C13D-3429-42AF-B4EE-34BAA6A9DB7D}.Release|ARM.ActiveCfg = Release|Any CPU
		{5686C13D-3429-42AF-B4EE-34BAA6A9DB7D}.Release|x64.ActiveCfg = Release|Any CPU
		{5686C13D-3429-42AF-B4EE-34BAA6A9DB7D}.Release|x86.ActiveCfg = Release|Any CPU
		{780CC311-C604-4784-AA0C-EFBB9DA10CFB}.Debug|Any CPU.ActiveCfg = Debug|Any CPU
		{780CC311-C604-4784-AA0C-EFBB9DA10CFB}.Debug|Any CPU.Build.0 = Debug|Any CPU
		{780CC311-C604-4784-AA0C-EFBB9DA10CFB}.Debug|ARM.ActiveCfg = Debug|Any CPU
		{780CC311-C604-4784-AA0C-EFBB9DA10CFB}.Debug|x64.ActiveCfg = Debug|Any CPU
		{780CC311-C604-4784-AA0C-EFBB9DA10CFB}.Debug|x86.ActiveCfg = Debug|Any CPU
		{780CC311-C604-4784-AA0C-EFBB9DA10CFB}.Release|Any CPU.ActiveCfg = Release|Any CPU
		{780CC311-C604-4784-AA0C-EFBB9DA10CFB}.Release|Any CPU.Build.0 = Release|Any CPU
		{780CC311-C604-4784-AA0C-EFBB9DA10CFB}.Release|ARM.ActiveCfg = Release|Any CPU
		{780CC311-C604-4784-AA0C-EFBB9DA10CFB}.Release|x64.ActiveCfg = Release|Any CPU
		{780CC311-C604-4784-AA0C-EFBB9DA10CFB}.Release|x86.ActiveCfg = Release|Any CPU
		{BEF58B3A-FED0-44AC-94EF-AFA622F8BCF3}.Debug|Any CPU.ActiveCfg = Debug|Any CPU
		{BEF58B3A-FED0-44AC-94EF-AFA622F8BCF3}.Debug|Any CPU.Build.0 = Debug|Any CPU
		{BEF58B3A-FED0-44AC-94EF-AFA622F8BCF3}.Debug|Any CPU.Deploy.0 = Debug|Any CPU
		{BEF58B3A-FED0-44AC-94EF-AFA622F8BCF3}.Debug|ARM.ActiveCfg = Debug|ARM
		{BEF58B3A-FED0-44AC-94EF-AFA622F8BCF3}.Debug|ARM.Build.0 = Debug|ARM
		{BEF58B3A-FED0-44AC-94EF-AFA622F8BCF3}.Debug|ARM.Deploy.0 = Debug|ARM
		{BEF58B3A-FED0-44AC-94EF-AFA622F8BCF3}.Debug|x64.ActiveCfg = Debug|x64
		{BEF58B3A-FED0-44AC-94EF-AFA622F8BCF3}.Debug|x64.Build.0 = Debug|x64
		{BEF58B3A-FED0-44AC-94EF-AFA622F8BCF3}.Debug|x64.Deploy.0 = Debug|x64
		{BEF58B3A-FED0-44AC-94EF-AFA622F8BCF3}.Debug|x86.ActiveCfg = Debug|x86
		{BEF58B3A-FED0-44AC-94EF-AFA622F8BCF3}.Debug|x86.Build.0 = Debug|x86
		{BEF58B3A-FED0-44AC-94EF-AFA622F8BCF3}.Debug|x86.Deploy.0 = Debug|x86
		{BEF58B3A-FED0-44AC-94EF-AFA622F8BCF3}.Release|Any CPU.ActiveCfg = Release|Any CPU
		{BEF58B3A-FED0-44AC-94EF-AFA622F8BCF3}.Release|Any CPU.Build.0 = Release|Any CPU
		{BEF58B3A-FED0-44AC-94EF-AFA622F8BCF3}.Release|Any CPU.Deploy.0 = Release|Any CPU
		{BEF58B3A-FED0-44AC-94EF-AFA622F8BCF3}.Release|ARM.ActiveCfg = Release|ARM
		{BEF58B3A-FED0-44AC-94EF-AFA622F8BCF3}.Release|ARM.Build.0 = Release|ARM
		{BEF58B3A-FED0-44AC-94EF-AFA622F8BCF3}.Release|ARM.Deploy.0 = Release|ARM
		{BEF58B3A-FED0-44AC-94EF-AFA622F8BCF3}.Release|x64.ActiveCfg = Release|x64
		{BEF58B3A-FED0-44AC-94EF-AFA622F8BCF3}.Release|x64.Build.0 = Release|x64
		{BEF58B3A-FED0-44AC-94EF-AFA622F8BCF3}.Release|x64.Deploy.0 = Release|x64
		{BEF58B3A-FED0-44AC-94EF-AFA622F8BCF3}.Release|x86.ActiveCfg = Release|x86
		{BEF58B3A-FED0-44AC-94EF-AFA622F8BCF3}.Release|x86.Build.0 = Release|x86
		{BEF58B3A-FED0-44AC-94EF-AFA622F8BCF3}.Release|x86.Deploy.0 = Release|x86
		{B0AB9F41-08AD-4F25-8507-A2AF603E69FE}.Debug|Any CPU.ActiveCfg = Debug|Any CPU
		{B0AB9F41-08AD-4F25-8507-A2AF603E69FE}.Debug|Any CPU.Build.0 = Debug|Any CPU
		{B0AB9F41-08AD-4F25-8507-A2AF603E69FE}.Debug|Any CPU.Deploy.0 = Debug|Any CPU
		{B0AB9F41-08AD-4F25-8507-A2AF603E69FE}.Debug|ARM.ActiveCfg = Debug|ARM
		{B0AB9F41-08AD-4F25-8507-A2AF603E69FE}.Debug|ARM.Build.0 = Debug|ARM
		{B0AB9F41-08AD-4F25-8507-A2AF603E69FE}.Debug|ARM.Deploy.0 = Debug|ARM
		{B0AB9F41-08AD-4F25-8507-A2AF603E69FE}.Debug|x64.ActiveCfg = Debug|Any CPU
		{B0AB9F41-08AD-4F25-8507-A2AF603E69FE}.Debug|x86.ActiveCfg = Debug|x86
		{B0AB9F41-08AD-4F25-8507-A2AF603E69FE}.Debug|x86.Build.0 = Debug|x86
		{B0AB9F41-08AD-4F25-8507-A2AF603E69FE}.Debug|x86.Deploy.0 = Debug|x86
		{B0AB9F41-08AD-4F25-8507-A2AF603E69FE}.Release|Any CPU.ActiveCfg = Release|Any CPU
		{B0AB9F41-08AD-4F25-8507-A2AF603E69FE}.Release|Any CPU.Build.0 = Release|Any CPU
		{B0AB9F41-08AD-4F25-8507-A2AF603E69FE}.Release|Any CPU.Deploy.0 = Release|Any CPU
		{B0AB9F41-08AD-4F25-8507-A2AF603E69FE}.Release|ARM.ActiveCfg = Release|ARM
		{B0AB9F41-08AD-4F25-8507-A2AF603E69FE}.Release|ARM.Build.0 = Release|ARM
		{B0AB9F41-08AD-4F25-8507-A2AF603E69FE}.Release|ARM.Deploy.0 = Release|ARM
		{B0AB9F41-08AD-4F25-8507-A2AF603E69FE}.Release|x64.ActiveCfg = Release|Any CPU
		{B0AB9F41-08AD-4F25-8507-A2AF603E69FE}.Release|x86.ActiveCfg = Release|x86
		{B0AB9F41-08AD-4F25-8507-A2AF603E69FE}.Release|x86.Build.0 = Release|x86
		{B0AB9F41-08AD-4F25-8507-A2AF603E69FE}.Release|x86.Deploy.0 = Release|x86
		{CA48F760-2BE0-4B4C-90B8-13823BD5D22B}.Debug|Any CPU.ActiveCfg = Debug|Any CPU
		{CA48F760-2BE0-4B4C-90B8-13823BD5D22B}.Debug|Any CPU.Build.0 = Debug|Any CPU
		{CA48F760-2BE0-4B4C-90B8-13823BD5D22B}.Debug|Any CPU.Deploy.0 = Debug|Any CPU
		{CA48F760-2BE0-4B4C-90B8-13823BD5D22B}.Debug|ARM.ActiveCfg = Debug|Any CPU
		{CA48F760-2BE0-4B4C-90B8-13823BD5D22B}.Debug|x64.ActiveCfg = Debug|Any CPU
		{CA48F760-2BE0-4B4C-90B8-13823BD5D22B}.Debug|x86.ActiveCfg = Debug|Any CPU
		{CA48F760-2BE0-4B4C-90B8-13823BD5D22B}.Release|Any CPU.ActiveCfg = Release|Any CPU
		{CA48F760-2BE0-4B4C-90B8-13823BD5D22B}.Release|Any CPU.Build.0 = Release|Any CPU
		{CA48F760-2BE0-4B4C-90B8-13823BD5D22B}.Release|Any CPU.Deploy.0 = Release|Any CPU
		{CA48F760-2BE0-4B4C-90B8-13823BD5D22B}.Release|ARM.ActiveCfg = Release|Any CPU
		{CA48F760-2BE0-4B4C-90B8-13823BD5D22B}.Release|x64.ActiveCfg = Release|Any CPU
		{CA48F760-2BE0-4B4C-90B8-13823BD5D22B}.Release|x86.ActiveCfg = Release|Any CPU
	EndGlobalSection
	GlobalSection(SolutionProperties) = preSolution
		HideSolutionNode = FALSE
	EndGlobalSection
	GlobalSection(NestedProjects) = preSolution
		{54CC644E-9557-4D11-9630-EB20406E9B1E} = {5FC5CA7C-E9E5-4745-9468-C0F8C008C7EB}
		{BEF58B3A-FED0-44AC-94EF-AFA622F8BCF3} = {5FC5CA7C-E9E5-4745-9468-C0F8C008C7EB}
		{B0AB9F41-08AD-4F25-8507-A2AF603E69FE} = {5FC5CA7C-E9E5-4745-9468-C0F8C008C7EB}
	EndGlobalSection
EndGlobal
